// !$*UTF8*$!
{
	archiveVersion = 1;
	classes = {
	};
	objectVersion = 50;
	objects = {

/* Begin PBXBuildFile section */
		85122401226DF3A800323A79 /* HYYBase.m in Sources */ = {isa = PBXBuildFile; fileRef = 85122400226DF3A800323A79 /* HYYBase.m */; };
		85122402226DF3A800323A79 /* HYYBase.h in CopyFiles */ = {isa = PBXBuildFile; fileRef = 851223FF226DF3A800323A79 /* HYYBase.h */; };
		8512240D226DF45800323A79 /* HYYTableViewCell.m in Sources */ = {isa = PBXBuildFile; fileRef = 8512240B226DF45800323A79 /* HYYTableViewCell.m */; };
		8512240F226DF47B00323A79 /* HYYTableViewCell.h in Headers */ = {isa = PBXBuildFile; fileRef = 8512240A226DF45800323A79 /* HYYTableViewCell.h */; settings = {ATTRIBUTES = (Public, ); }; };
/* End PBXBuildFile section */

/* Begin PBXCopyFilesBuildPhase section */
		851223FA226DF3A800323A79 /* CopyFiles */ = {
			isa = PBXCopyFilesBuildPhase;
			buildActionMask = 2147483647;
			dstPath = "include/$(PRODUCT_NAME)";
			dstSubfolderSpec = 16;
			files = (
				85122402226DF3A800323A79 /* HYYBase.h in CopyFiles */,
			);
			runOnlyForDeploymentPostprocessing = 0;
		};
/* End PBXCopyFilesBuildPhase section */

/* Begin PBXFileReference section */
		851223FC226DF3A800323A79 /* libHYYBase.a */ = {isa = PBXFileReference; explicitFileType = archive.ar; includeInIndex = 0; path = libHYYBase.a; sourceTree = BUILT_PRODUCTS_DIR; };
		851223FF226DF3A800323A79 /* HYYBase.h */ = {isa = PBXFileReference; lastKnownFileType = sourcecode.c.h; path = HYYBase.h; sourceTree = "<group>"; };
		85122400226DF3A800323A79 /* HYYBase.m */ = {isa = PBXFileReference; lastKnownFileType = sourcecode.c.objc; path = HYYBase.m; sourceTree = "<group>"; };
		8512240A226DF45800323A79 /* HYYTableViewCell.h */ = {isa = PBXFileReference; lastKnownFileType = sourcecode.c.h; path = HYYTableViewCell.h; sourceTree = "<group>"; };
		8512240B226DF45800323A79 /* HYYTableViewCell.m */ = {isa = PBXFileReference; lastKnownFileType = sourcecode.c.objc; path = HYYTableViewCell.m; sourceTree = "<group>"; };
		8512240C226DF45800323A79 /* HYYTableViewCell.xib */ = {isa = PBXFileReference; lastKnownFileType = file.xib; path = HYYTableViewCell.xib; sourceTree = "<group>"; };
/* End PBXFileReference section */

/* Begin PBXFrameworksBuildPhase section */
		851223F9226DF3A800323A79 /* Frameworks */ = {
			isa = PBXFrameworksBuildPhase;
			buildActionMask = 2147483647;
			files = (
			);
			runOnlyForDeploymentPostprocessing = 0;
		};
/* End PBXFrameworksBuildPhase section */

/* Begin PBXGroup section */
		851223F3226DF3A800323A79 = {
			isa = PBXGroup;
			children = (
				851223FE226DF3A800323A79 /* HYYBase */,
				851223FD226DF3A800323A79 /* Products */,
			);
			sourceTree = "<group>";
		};
		851223FD226DF3A800323A79 /* Products */ = {
			isa = PBXGroup;
			children = (
				851223FC226DF3A800323A79 /* libHYYBase.a */,
			);
			name = Products;
			sourceTree = "<group>";
		};
		851223FE226DF3A800323A79 /* HYYBase */ = {
			isa = PBXGroup;
			children = (
				851223FF226DF3A800323A79 /* HYYBase.h */,
				85122400226DF3A800323A79 /* HYYBase.m */,
				8512240A226DF45800323A79 /* HYYTableViewCell.h */,
				8512240B226DF45800323A79 /* HYYTableViewCell.m */,
				8512240C226DF45800323A79 /* HYYTableViewCell.xib */,
			);
			path = HYYBase;
			sourceTree = "<group>";
		};
/* End PBXGroup section */

/* Begin PBXHeadersBuildPhase section */
		8512240E226DF47500323A79 /* Headers */ = {
			isa = PBXHeadersBuildPhase;
			buildActionMask = 2147483647;
			files = (
				8512240F226DF47B00323A79 /* HYYTableViewCell.h in Headers */,
			);
			runOnlyForDeploymentPostprocessing = 0;
		};
/* End PBXHeadersBuildPhase section */

/* Begin PBXNativeTarget section */
		851223FB226DF3A800323A79 /* HYYBase */ = {
			isa = PBXNativeTarget;
			buildConfigurationList = 85122405226DF3A800323A79 /* Build configuration list for PBXNativeTarget "HYYBase" */;
			buildPhases = (
				8512240E226DF47500323A79 /* Headers */,
				851223F8226DF3A800323A79 /* Sources */,
				851223F9226DF3A800323A79 /* Frameworks */,
				851223FA226DF3A800323A79 /* CopyFiles */,
			);
			buildRules = (
			);
			dependencies = (
			);
			name = HYYBase;
			productName = HYYBase;
			productReference = 851223FC226DF3A800323A79 /* libHYYBase.a */;
			productType = "com.apple.product-type.library.static";
		};
/* End PBXNativeTarget section */

/* Begin PBXProject section */
		851223F4226DF3A800323A79 /* Project object */ = {
			isa = PBXProject;
			attributes = {
				LastUpgradeCheck = 1020;
				ORGANIZATIONNAME = huyiyong;
				TargetAttributes = {
					851223FB226DF3A800323A79 = {
						CreatedOnToolsVersion = 10.2;
					};
				};
			};
			buildConfigurationList = 851223F7226DF3A800323A79 /* Build configuration list for PBXProject "HYYBase" */;
			compatibilityVersion = "Xcode 9.3";
			developmentRegion = en;
			hasScannedForEncodings = 0;
			knownRegions = (
				en,
			);
			mainGroup = 851223F3226DF3A800323A79;
			productRefGroup = 851223FD226DF3A800323A79 /* Products */;
			projectDirPath = "";
			projectRoot = "";
			targets = (
				851223FB226DF3A800323A79 /* HYYBase */,
			);
		};
/* End PBXProject section */

/* Begin PBXSourcesBuildPhase section */
		851223F8226DF3A800323A79 /* Sources */ = {
			isa = PBXSourcesBuildPhase;
			buildActionMask = 2147483647;
			files = (
				8512240D226DF45800323A79 /* HYYTableViewCell.m in Sources */,
				85122401226DF3A800323A79 /* HYYBase.m in Sources */,
			);
			runOnlyForDeploymentPostprocessing = 0;
		};
/* End PBXSourcesBuildPhase section */

/* Begin XCBuildConfiguration section */
		85122403226DF3A800323A79 /* Debug */ = {
			isa = XCBuildConfiguration;
			buildSettings = {
				ALWAYS_SEARCH_USER_PATHS = NO;
				CLANG_ANALYZER_NONNULL = YES;
				CLANG_ANALYZER_NUMBER_OBJECT_CONVERSION = YES_AGGRESSIVE;
				CLANG_CXX_LANGUAGE_STANDARD = "gnu++14";
				CLANG_CXX_LIBRARY = "libc++";
				CLANG_ENABLE_MODULES = YES;
				CLANG_ENABLE_OBJC_ARC = YES;
				CLANG_ENABLE_OBJC_WEAK = YES;
				CLANG_WARN_BLOCK_CAPTURE_AUTORELEASING = YES;
				CLANG_WARN_BOOL_CONVERSION = YES;
				CLANG_WARN_COMMA = YES;
				CLANG_WARN_CONSTANT_CONVERSION = YES;
				CLANG_WARN_DEPRECATED_OBJC_IMPLEMENTATIONS = YES;
				CLANG_WARN_DIRECT_OBJC_ISA_USAGE = YES_ERROR;
				CLANG_WARN_DOCUMENTATION_COMMENTS = YES;
				CLANG_WARN_EMPTY_BODY = YES;
				CLANG_WARN_ENUM_CONVERSION = YES;
				CLANG_WARN_INFINITE_RECURSION = YES;
				CLANG_WARN_INT_CONVERSION = YES;
				CLANG_WARN_NON_LITERAL_NULL_CONVERSION = YES;
				CLANG_WARN_OBJC_IMPLICIT_RETAIN_SELF = YES;
				CLANG_WARN_OBJC_LITERAL_CONVERSION = YES;
				CLANG_WARN_OBJC_ROOT_CLASS = YES_ERROR;
				CLANG_WARN_RANGE_LOOP_ANALYSIS = YES;
				CLANG_WARN_STRICT_PROTOTYPES = YES;
				CLANG_WARN_SUSPICIOUS_MOVE = YES;
				CLANG_WARN_UNGUARDED_AVAILABILITY = YES_AGGRESSIVE;
				CLANG_WARN_UNREACHABLE_CODE = YES;
				CLANG_WARN__DUPLICATE_METHOD_MATCH = YES;
				CODE_SIGN_IDENTITY = "iPhone Developer";
				COPY_PHASE_STRIP = NO;
				DEBUG_INFORMATION_FORMAT = dwarf;
				ENABLE_STRICT_OBJC_MSGSEND = YES;
				ENABLE_TESTABILITY = YES;
				GCC_C_LANGUAGE_STANDARD = gnu11;
				GCC_DYNAMIC_NO_PIC = NO;
				GCC_NO_COMMON_BLOCKS = YES;
				GCC_OPTIMIZATION_LEVEL = 0;
				GCC_PREPROCESSOR_DEFINITIONS = (
					"DEBUG=1",
					"$(inherited)",
				);
				GCC_WARN_64_TO_32_BIT_CONVERSION = YES;
				GCC_WARN_ABOUT_RETURN_TYPE = YES_ERROR;
				GCC_WARN_UNDECLARED_SELECTOR = YES;
				GCC_WARN_UNINITIALIZED_AUTOS = YES_AGGRESSIVE;
				GCC_WARN_UNUSED_FUNCTION = YES;
				GCC_WARN_UNUSED_VARIABLE = YES;
				IPHONEOS_DEPLOYMENT_TARGET = 12.2;
				MTL_ENABLE_DEBUG_INFO = INCLUDE_SOURCE;
				MTL_FAST_MATH = YES;
				ONLY_ACTIVE_ARCH = YES;
				SDKROOT = iphoneos;
			};
			name = Debug;
		};
		85122404226DF3A800323A79 /* Release */ = {
			isa = XCBuildConfiguration;
			buildSettings = {
				ALWAYS_SEARCH_USER_PATHS = NO;
				CLANG_ANALYZER_NONNULL = YES;
				CLANG_ANALYZER_NUMBER_OBJECT_CONVERSION = YES_AGGRESSIVE;
				CLANG_CXX_LANGUAGE_STANDARD = "gnu++14";
				CLANG_CXX_LIBRARY = "libc++";
				CLANG_ENABLE_MODULES = YES;
				CLANG_ENABLE_OBJC_ARC = YES;
				CLANG_ENABLE_OBJC_WEAK = YES;
				CLANG_WARN_BLOCK_CAPTURE_AUTORELEASING = YES;
				CLANG_WARN_BOOL_CONVERSION = YES;
				CLANG_WARN_COMMA = YES;
				CLANG_WARN_CONSTANT_CONVERSION = YES;
				CLANG_WARN_DEPRECATED_OBJC_IMPLEMENTATIONS = YES;
				CLANG_WARN_DIRECT_OBJC_ISA_USAGE = YES_ERROR;
				CLANG_WARN_DOCUMENTATION_COMMENTS = YES;
				CLANG_WARN_EMPTY_BODY = YES;
				CLANG_WARN_ENUM_CONVERSION = YES;
				CLANG_WARN_INFINITE_RECURSION = YES;
				CLANG_WARN_INT_CONVERSION = YES;
				CLANG_WARN_NON_LITERAL_NULL_CONVERSION = YES;
				CLANG_WARN_OBJC_IMPLICIT_RETAIN_SELF = YES;
				CLANG_WARN_OBJC_LITERAL_CONVERSION = YES;
				CLANG_WARN_OBJC_ROOT_CLASS = YES_ERROR;
				CLANG_WARN_RANGE_LOOP_ANALYSIS = YES;
				CLANG_WARN_STRICT_PROTOTYPES = YES;
				CLANG_WARN_SUSPICIOUS_MOVE = YES;
				CLANG_WARN_UNGUARDED_AVAILABILITY = YES_AGGRESSIVE;
				CLANG_WARN_UNREACHABLE_CODE = YES;
				CLANG_WARN__DUPLICATE_METHOD_MATCH = YES;
				CODE_SIGN_IDENTITY = "iPhone Developer";
				COPY_PHASE_STRIP = NO;
				DEBUG_INFORMATION_FORMAT = "dwarf-with-dsym";
				ENABLE_NS_ASSERTIONS = NO;
				ENABLE_STRICT_OBJC_MSGSEND = YES;
				GCC_C_LANGUAGE_STANDARD = gnu11;
				GCC_NO_COMMON_BLOCKS = YES;
				GCC_WARN_64_TO_32_BIT_CONVERSION = YES;
				GCC_WARN_ABOUT_RETURN_TYPE = YES_ERROR;
				GCC_WARN_UNDECLARED_SELECTOR = YES;
				GCC_WARN_UNINITIALIZED_AUTOS = YES_AGGRESSIVE;
				GCC_WARN_UNUSED_FUNCTION = YES;
				GCC_WARN_UNUSED_VARIABLE = YES;
				IPHONEOS_DEPLOYMENT_TARGET = 12.2;
				MTL_ENABLE_DEBUG_INFO = NO;
				MTL_FAST_MATH = YES;
				SDKROOT = iphoneos;
				VALIDATE_PRODUCT = YES;
			};
			name = Release;
		};
		85122406226DF3A800323A79 /* Debug */ = {
			isa = XCBuildConfiguration;
			buildSettings = {
				CODE_SIGN_STYLE = Automatic;
				OTHER_LDFLAGS = "-ObjC";
				PRODUCT_NAME = "$(TARGET_NAME)";
				SKIP_INSTALL = YES;
				TARGETED_DEVICE_FAMILY = "1,2";
			};
			name = Debug;
		};
		85122407226DF3A800323A79 /* Release */ = {
			isa = XCBuildConfiguration;
			buildSettings = {
				CODE_SIGN_STYLE = Automatic;
				OTHER_LDFLAGS = "-ObjC";
				PRODUCT_NAME = "$(TARGET_NAME)";
				SKIP_INSTALL = YES;
				TARGETED_DEVICE_FAMILY = "1,2";
			};
			name = Release;
		};
/* End XCBuildConfiguration section */

/* Begin XCConfigurationList section */
		851223F7226DF3A800323A79 /* Build configuration list for PBXProject "HYYBase" */ = {
			isa = XCConfigurationList;
			buildConfigurations = (
				85122403226DF3A800323A79 /* Debug */,
				85122404226DF3A800323A79 /* Release */,
			);
			defaultConfigurationIsVisible = 0;
			defaultConfigurationName = Release;
		};
		85122405226DF3A800323A79 /* Build configuration list for PBXNativeTarget "HYYBase" */ = {
			isa = XCConfigurationList;
			buildConfigurations = (
				85122406226DF3A800323A79 /* Debug */,
				85122407226DF3A800323A79 /* Release */,
			);
			defaultConfigurationIsVisible = 0;
			defaultConfigurationName = Release;
		};
/* End XCConfigurationList section */
	};
	rootObject = 851223F4226DF3A800323A79 /* Project object */;
}
