// !$*UTF8*$!
{
	archiveVersion = 1;
	classes = {
	};
	objectVersion = 50;
	objects = {

/* Begin PBXBuildFile section */
		6813B17653C7827F2BE85857 /* libPods-HYYService.a in Frameworks */ = {isa = PBXBuildFile; fileRef = DCAE0999F3152C61CD7B195D /* libPods-HYYService.a */; };
		85196C09229D10AF003E90D9 /* HYYService.m in Sources */ = {isa = PBXBuildFile; fileRef = 85196C08229D10AF003E90D9 /* HYYService.m */; };
		85196C0A229D10AF003E90D9 /* HYYService.h in CopyFiles */ = {isa = PBXBuildFile; fileRef = 85196C07229D10AF003E90D9 /* HYYService.h */; };
/* End PBXBuildFile section */

/* Begin PBXCopyFilesBuildPhase section */
		85196C02229D10AF003E90D9 /* CopyFiles */ = {
			isa = PBXCopyFilesBuildPhase;
			buildActionMask = 2147483647;
			dstPath = "include/$(PRODUCT_NAME)";
			dstSubfolderSpec = 16;
			files = (
				85196C0A229D10AF003E90D9 /* HYYService.h in CopyFiles */,
			);
			runOnlyForDeploymentPostprocessing = 0;
		};
/* End PBXCopyFilesBuildPhase section */

/* Begin PBXFileReference section */
		255248C3839C541EC66D127A /* Pods-HYYService.debug.xcconfig */ = {isa = PBXFileReference; includeInIndex = 1; lastKnownFileType = text.xcconfig; name = "Pods-HYYService.debug.xcconfig"; path = "Target Support Files/Pods-HYYService/Pods-HYYService.debug.xcconfig"; sourceTree = "<group>"; };
		85196C04229D10AF003E90D9 /* libHYYService.a */ = {isa = PBXFileReference; explicitFileType = archive.ar; includeInIndex = 0; path = libHYYService.a; sourceTree = BUILT_PRODUCTS_DIR; };
		85196C07229D10AF003E90D9 /* HYYService.h */ = {isa = PBXFileReference; lastKnownFileType = sourcecode.c.h; path = HYYService.h; sourceTree = "<group>"; };
		85196C08229D10AF003E90D9 /* HYYService.m */ = {isa = PBXFileReference; lastKnownFileType = sourcecode.c.objc; path = HYYService.m; sourceTree = "<group>"; };
		D131F067A1A3ED524EF1B100 /* Pods-HYYService.release.xcconfig */ = {isa = PBXFileReference; includeInIndex = 1; lastKnownFileType = text.xcconfig; name = "Pods-HYYService.release.xcconfig"; path = "Target Support Files/Pods-HYYService/Pods-HYYService.release.xcconfig"; sourceTree = "<group>"; };
		DCAE0999F3152C61CD7B195D /* libPods-HYYService.a */ = {isa = PBXFileReference; explicitFileType = archive.ar; includeInIndex = 0; path = "libPods-HYYService.a"; sourceTree = BUILT_PRODUCTS_DIR; };
/* End PBXFileReference section */

/* Begin PBXFrameworksBuildPhase section */
		85196C01229D10AF003E90D9 /* Frameworks */ = {
			isa = PBXFrameworksBuildPhase;
			buildActionMask = 2147483647;
			files = (
				6813B17653C7827F2BE85857 /* libPods-HYYService.a in Frameworks */,
			);
			runOnlyForDeploymentPostprocessing = 0;
		};
/* End PBXFrameworksBuildPhase section */

/* Begin PBXGroup section */
		064CF8E3284BBD7425A4D8A7 /* Pods */ = {
			isa = PBXGroup;
			children = (
				255248C3839C541EC66D127A /* Pods-HYYService.debug.xcconfig */,
				D131F067A1A3ED524EF1B100 /* Pods-HYYService.release.xcconfig */,
			);
			path = Pods;
			sourceTree = "<group>";
		};
		27548CFAC9A44F8DA270BE2F /* Frameworks */ = {
			isa = PBXGroup;
			children = (
				DCAE0999F3152C61CD7B195D /* libPods-HYYService.a */,
			);
			name = Frameworks;
			sourceTree = "<group>";
		};
		85196BFB229D10AF003E90D9 = {
			isa = PBXGroup;
			children = (
				85196C06229D10AF003E90D9 /* HYYService */,
				85196C05229D10AF003E90D9 /* Products */,
				064CF8E3284BBD7425A4D8A7 /* Pods */,
				27548CFAC9A44F8DA270BE2F /* Frameworks */,
			);
			sourceTree = "<group>";
		};
		85196C05229D10AF003E90D9 /* Products */ = {
			isa = PBXGroup;
			children = (
				85196C04229D10AF003E90D9 /* libHYYService.a */,
			);
			name = Products;
			sourceTree = "<group>";
		};
		85196C06229D10AF003E90D9 /* HYYService */ = {
			isa = PBXGroup;
			children = (
				85196C07229D10AF003E90D9 /* HYYService.h */,
				85196C08229D10AF003E90D9 /* HYYService.m */,
			);
			path = HYYService;
			sourceTree = "<group>";
		};
/* End PBXGroup section */

/* Begin PBXNativeTarget section */
		85196C03229D10AF003E90D9 /* HYYService */ = {
			isa = PBXNativeTarget;
			buildConfigurationList = 85196C0D229D10AF003E90D9 /* Build configuration list for PBXNativeTarget "HYYService" */;
			buildPhases = (
				6A200B316F80AD9362938BDE /* [CP] Check Pods Manifest.lock */,
				85196C00229D10AF003E90D9 /* Sources */,
				85196C01229D10AF003E90D9 /* Frameworks */,
				85196C02229D10AF003E90D9 /* CopyFiles */,
			);
			buildRules = (
			);
			dependencies = (
			);
			name = HYYService;
			productName = HYYService;
			productReference = 85196C04229D10AF003E90D9 /* libHYYService.a */;
			productType = "com.apple.product-type.library.static";
		};
/* End PBXNativeTarget section */

/* Begin PBXProject section */
		85196BFC229D10AF003E90D9 /* Project object */ = {
			isa = PBXProject;
			attributes = {
				LastUpgradeCheck = 1020;
				ORGANIZATIONNAME = huyiyong;
				TargetAttributes = {
					85196C03229D10AF003E90D9 = {
						CreatedOnToolsVersion = 10.2;
					};
				};
			};
			buildConfigurationList = 85196BFF229D10AF003E90D9 /* Build configuration list for PBXProject "HYYService" */;
			compatibilityVersion = "Xcode 9.3";
			developmentRegion = en;
			hasScannedForEncodings = 0;
			knownRegions = (
				en,
			);
			mainGroup = 85196BFB229D10AF003E90D9;
			productRefGroup = 85196C05229D10AF003E90D9 /* Products */;
			projectDirPath = "";
			projectRoot = "";
			targets = (
				85196C03229D10AF003E90D9 /* HYYService */,
			);
		};
/* End PBXProject section */

/* Begin PBXShellScriptBuildPhase section */
		6A200B316F80AD9362938BDE /* [CP] Check Pods Manifest.lock */ = {
			isa = PBXShellScriptBuildPhase;
			buildActionMask = 2147483647;
			files = (
			);
			inputFileListPaths = (
			);
			inputPaths = (
				"${PODS_PODFILE_DIR_PATH}/Podfile.lock",
				"${PODS_ROOT}/Manifest.lock",
			);
			name = "[CP] Check Pods Manifest.lock";
			outputFileListPaths = (
			);
			outputPaths = (
				"$(DERIVED_FILE_DIR)/Pods-HYYService-checkManifestLockResult.txt",
			);
			runOnlyForDeploymentPostprocessing = 0;
			shellPath = /bin/sh;
			shellScript = "diff \"${PODS_PODFILE_DIR_PATH}/Podfile.lock\" \"${PODS_ROOT}/Manifest.lock\" > /dev/null\nif [ $? != 0 ] ; then\n    # print error to STDERR\n    echo \"error: The sandbox is not in sync with the Podfile.lock. Run 'pod install' or update your CocoaPods installation.\" >&2\n    exit 1\nfi\n# This output is used by Xcode 'outputs' to avoid re-running this script phase.\necho \"SUCCESS\" > \"${SCRIPT_OUTPUT_FILE_0}\"\n";
			showEnvVarsInLog = 0;
		};
/* End PBXShellScriptBuildPhase section */

/* Begin PBXSourcesBuildPhase section */
		85196C00229D10AF003E90D9 /* Sources */ = {
			isa = PBXSourcesBuildPhase;
			buildActionMask = 2147483647;
			files = (
				85196C09229D10AF003E90D9 /* HYYService.m in Sources */,
			);
			runOnlyForDeploymentPostprocessing = 0;
		};
/* End PBXSourcesBuildPhase section */

/* Begin XCBuildConfiguration section */
		85196C0B229D10AF003E90D9 /* Debug */ = {
			isa = XCBuildConfiguration;
			buildSettings = {
				ALWAYS_SEARCH_USER_PATHS = NO;
				CLANG_ANALYZER_NONNULL = YES;
				CLANG_ANALYZER_NUMBER_OBJECT_CONVERSION = YES_AGGRESSIVE;
				CLANG_CXX_LANGUAGE_STANDARD = "gnu++14";
				CLANG_CXX_LIBRARY = "libc++";
				CLANG_ENABLE_MODULES = YES;
				CLANG_ENABLE_OBJC_ARC = YES;
				CLANG_ENABLE_OBJC_WEAK = YES;
				CLANG_WARN_BLOCK_CAPTURE_AUTORELEASING = YES;
				CLANG_WARN_BOOL_CONVERSION = YES;
				CLANG_WARN_COMMA = YES;
				CLANG_WARN_CONSTANT_CONVERSION = YES;
				CLANG_WARN_DEPRECATED_OBJC_IMPLEMENTATIONS = YES;
				CLANG_WARN_DIRECT_OBJC_ISA_USAGE = YES_ERROR;
				CLANG_WARN_DOCUMENTATION_COMMENTS = YES;
				CLANG_WARN_EMPTY_BODY = YES;
				CLANG_WARN_ENUM_CONVERSION = YES;
				CLANG_WARN_INFINITE_RECURSION = YES;
				CLANG_WARN_INT_CONVERSION = YES;
				CLANG_WARN_NON_LITERAL_NULL_CONVERSION = YES;
				CLANG_WARN_OBJC_IMPLICIT_RETAIN_SELF = YES;
				CLANG_WARN_OBJC_LITERAL_CONVERSION = YES;
				CLANG_WARN_OBJC_ROOT_CLASS = YES_ERROR;
				CLANG_WARN_RANGE_LOOP_ANALYSIS = YES;
				CLANG_WARN_STRICT_PROTOTYPES = YES;
				CLANG_WARN_SUSPICIOUS_MOVE = YES;
				CLANG_WARN_UNGUARDED_AVAILABILITY = YES_AGGRESSIVE;
				CLANG_WARN_UNREACHABLE_CODE = YES;
				CLANG_WARN__DUPLICATE_METHOD_MATCH = YES;
				CODE_SIGN_IDENTITY = "iPhone Developer";
				COPY_PHASE_STRIP = NO;
				DEBUG_INFORMATION_FORMAT = dwarf;
				ENABLE_STRICT_OBJC_MSGSEND = YES;
				ENABLE_TESTABILITY = YES;
				GCC_C_LANGUAGE_STANDARD = gnu11;
				GCC_DYNAMIC_NO_PIC = NO;
				GCC_NO_COMMON_BLOCKS = YES;
				GCC_OPTIMIZATION_LEVEL = 0;
				GCC_PREPROCESSOR_DEFINITIONS = (
					"DEBUG=1",
					"$(inherited)",
				);
				GCC_WARN_64_TO_32_BIT_CONVERSION = YES;
				GCC_WARN_ABOUT_RETURN_TYPE = YES_ERROR;
				GCC_WARN_UNDECLARED_SELECTOR = YES;
				GCC_WARN_UNINITIALIZED_AUTOS = YES_AGGRESSIVE;
				GCC_WARN_UNUSED_FUNCTION = YES;
				GCC_WARN_UNUSED_VARIABLE = YES;
				IPHONEOS_DEPLOYMENT_TARGET = 9.0;
				MACH_O_TYPE = staticlib;
				MTL_ENABLE_DEBUG_INFO = INCLUDE_SOURCE;
				MTL_FAST_MATH = YES;
				ONLY_ACTIVE_ARCH = YES;
				OTHER_LDFLAGS = "";
				SDKROOT = iphoneos;
			};
			name = Debug;
		};
		85196C0C229D10AF003E90D9 /* Release */ = {
			isa = XCBuildConfiguration;
			buildSettings = {
				ALWAYS_SEARCH_USER_PATHS = NO;
				CLANG_ANALYZER_NONNULL = YES;
				CLANG_ANALYZER_NUMBER_OBJECT_CONVERSION = YES_AGGRESSIVE;
				CLANG_CXX_LANGUAGE_STANDARD = "gnu++14";
				CLANG_CXX_LIBRARY = "libc++";
				CLANG_ENABLE_MODULES = YES;
				CLANG_ENABLE_OBJC_ARC = YES;
				CLANG_ENABLE_OBJC_WEAK = YES;
				CLANG_WARN_BLOCK_CAPTURE_AUTORELEASING = YES;
				CLANG_WARN_BOOL_CONVERSION = YES;
				CLANG_WARN_COMMA = YES;
				CLANG_WARN_CONSTANT_CONVERSION = YES;
				CLANG_WARN_DEPRECATED_OBJC_IMPLEMENTATIONS = YES;
				CLANG_WARN_DIRECT_OBJC_ISA_USAGE = YES_ERROR;
				CLANG_WARN_DOCUMENTATION_COMMENTS = YES;
				CLANG_WARN_EMPTY_BODY = YES;
				CLANG_WARN_ENUM_CONVERSION = YES;
				CLANG_WARN_INFINITE_RECURSION = YES;
				CLANG_WARN_INT_CONVERSION = YES;
				CLANG_WARN_NON_LITERAL_NULL_CONVERSION = YES;
				CLANG_WARN_OBJC_IMPLICIT_RETAIN_SELF = YES;
				CLANG_WARN_OBJC_LITERAL_CONVERSION = YES;
				CLANG_WARN_OBJC_ROOT_CLASS = YES_ERROR;
				CLANG_WARN_RANGE_LOOP_ANALYSIS = YES;
				CLANG_WARN_STRICT_PROTOTYPES = YES;
				CLANG_WARN_SUSPICIOUS_MOVE = YES;
				CLANG_WARN_UNGUARDED_AVAILABILITY = YES_AGGRESSIVE;
				CLANG_WARN_UNREACHABLE_CODE = YES;
				CLANG_WARN__DUPLICATE_METHOD_MATCH = YES;
				CODE_SIGN_IDENTITY = "iPhone Developer";
				COPY_PHASE_STRIP = NO;
				DEBUG_INFORMATION_FORMAT = "dwarf-with-dsym";
				ENABLE_NS_ASSERTIONS = NO;
				ENABLE_STRICT_OBJC_MSGSEND = YES;
				GCC_C_LANGUAGE_STANDARD = gnu11;
				GCC_NO_COMMON_BLOCKS = YES;
				GCC_WARN_64_TO_32_BIT_CONVERSION = YES;
				GCC_WARN_ABOUT_RETURN_TYPE = YES_ERROR;
				GCC_WARN_UNDECLARED_SELECTOR = YES;
				GCC_WARN_UNINITIALIZED_AUTOS = YES_AGGRESSIVE;
				GCC_WARN_UNUSED_FUNCTION = YES;
				GCC_WARN_UNUSED_VARIABLE = YES;
				IPHONEOS_DEPLOYMENT_TARGET = 9.0;
				MACH_O_TYPE = staticlib;
				MTL_ENABLE_DEBUG_INFO = NO;
				MTL_FAST_MATH = YES;
				OTHER_LDFLAGS = "";
				SDKROOT = iphoneos;
				VALIDATE_PRODUCT = YES;
			};
			name = Release;
		};
		85196C0E229D10AF003E90D9 /* Debug */ = {
			isa = XCBuildConfiguration;
			baseConfigurationReference = 255248C3839C541EC66D127A /* Pods-HYYService.debug.xcconfig */;
			buildSettings = {
				CODE_SIGN_STYLE = Automatic;
				OTHER_LDFLAGS = "-ObjC";
				PRODUCT_NAME = "$(TARGET_NAME)";
				SKIP_INSTALL = YES;
				TARGETED_DEVICE_FAMILY = "1,2";
			};
			name = Debug;
		};
		85196C0F229D10AF003E90D9 /* Release */ = {
			isa = XCBuildConfiguration;
			baseConfigurationReference = D131F067A1A3ED524EF1B100 /* Pods-HYYService.release.xcconfig */;
			buildSettings = {
				CODE_SIGN_STYLE = Automatic;
				OTHER_LDFLAGS = "-ObjC";
				PRODUCT_NAME = "$(TARGET_NAME)";
				SKIP_INSTALL = YES;
				TARGETED_DEVICE_FAMILY = "1,2";
			};
			name = Release;
		};
/* End XCBuildConfiguration section */

/* Begin XCConfigurationList section */
		85196BFF229D10AF003E90D9 /* Build configuration list for PBXProject "HYYService" */ = {
			isa = XCConfigurationList;
			buildConfigurations = (
				85196C0B229D10AF003E90D9 /* Debug */,
				85196C0C229D10AF003E90D9 /* Release */,
			);
			defaultConfigurationIsVisible = 0;
			defaultConfigurationName = Release;
		};
		85196C0D229D10AF003E90D9 /* Build configuration list for PBXNativeTarget "HYYService" */ = {
			isa = XCConfigurationList;
			buildConfigurations = (
				85196C0E229D10AF003E90D9 /* Debug */,
				85196C0F229D10AF003E90D9 /* Release */,
			);
			defaultConfigurationIsVisible = 0;
			defaultConfigurationName = Release;
		};
/* End XCConfigurationList section */
	};
	rootObject = 85196BFC229D10AF003E90D9 /* Project object */;
}
